{
    "_meta": {
        "hash": {
            "sha256": "3006af311f0424c2e40f5561500ff56e36ecba6dee0fd9e6969fd4a7cfa6599b"
        },
        "pipfile-spec": 6,
        "requires": {
            "python_version": "3.13"
        },
        "sources": [
            {
                "name": "pypi",
                "url": "https://pypi.org/simple",
                "verify_ssl": true
            }
        ]
    },
    "default": {
        "asgiref": {
            "hashes": [
                "sha256:13acff32519542a1736223fb79a715acdebe24286d98e8b164a73085f40da2c4",
                "sha256:1db9021efadb0d9512ce8ffaf72fcef601c7b73a8807a1bb2ef143dc6b14846d"
            ],
            "markers": "python_version >= '3.9'",
            "version": "==3.11.0"
        },
        "attrs": {
            "hashes": [
                "sha256:16d5969b87f0859ef33a48b35d55ac1be6e42ae49d5e853b597db70c35c57e11",
                "sha256:adcf7e2a1fb3b36ac48d97835bb6d8ade15b8dcce26aba8bf1d14847b57a3373"
            ],
            "markers": "python_version >= '3.9'",
            "version": "==25.4.0"
        },
        "django": {
            "hashes": [
                "sha256:23254866a5bb9a2cfa6004e8b809ec6246eba4b58a7589bc2772f1bcc8456c7f",
                "sha256:37e687f7bd73ddf043e2b6b97cfe02fcbb11f2dbb3adccc6a2b18c6daa054d7f"
            ],
            "index": "pypi",
            "markers": "python_version >= '3.10'",
            "version": "==5.2.8"
        },
        "djangorestframework": {
            "hashes": [
                "sha256:166809528b1aced0a17dc66c24492af18049f2c9420dbd0be29422029cfc3ff7",
                "sha256:33a59f47fb9c85ede792cbf88bde71893bcda0667bc573f784649521f1102cec"
            ],
            "index": "pypi",
            "markers": "python_version >= '3.9'",
            "version": "==3.16.1"
        },
        "drf-spectacular": {
            "hashes": [
                "sha256:0a069339ea390ce7f14a75e8b5af4a0860a46e833fd4af027411a3e94fc1a0cc",
                "sha256:d1ee7c9535d89848affb4427347f7c4a22c5d22530b8842ef133d7b72e19b41a"
            ],
            "index": "pypi",
            "markers": "python_version >= '3.7'",
            "version": "==0.29.0"
        },
        "inflection": {
            "hashes": [
                "sha256:1a29730d366e996aaacffb2f1f1cb9593dc38e2ddd30c91250c6dde09ea9b417",
                "sha256:f38b2b640938a4f35ade69ac3d053042959b62a0f1076a5bbaa1b9526605a8a2"
            ],
            "markers": "python_version >= '3.5'",
            "version": "==0.5.1"
        },
        "jsonschema": {
            "hashes": [
                "sha256:3fba0169e345c7175110351d456342c364814cfcf3b964ba4587f22915230a63",
                "sha256:e4a9655ce0da0c0b67a085847e00a3a51449e1157f4f75e9fb5aa545e122eb85"
            ],
            "markers": "python_version >= '3.9'",
            "version": "==4.25.1"
        },
        "jsonschema-specifications": {
            "hashes": [
                "sha256:98802fee3a11ee76ecaca44429fda8a41bff98b00a0f2838151b113f210cc6fe",
                "sha256:b540987f239e745613c7a9176f3edb72b832a4ac465cf02712288397832b5e8d"
            ],
            "markers": "python_version >= '3.9'",
            "version": "==2025.9.1"
        },
        "pyyaml": {
            "hashes": [
                "sha256:00c4bdeba853cc34e7dd471f16b4114f4162dc03e6b7afcc2128711f0eca823c",
                "sha256:0150219816b6a1fa26fb4699fb7daa9caf09eb1999f3b70fb6e786805e80375a",
                "sha256:02893d100e99e03eda1c8fd5c441d8c60103fd175728e23e431db1b589cf5ab3",
                "sha256:02ea2dfa234451bbb8772601d7b8e426c2bfa197136796224e50e35a78777956",
                "sha256:0f29edc409a6392443abf94b9cf89ce99889a1dd5376d94316ae5145dfedd5d6",
                "sha256:10892704fc220243f5305762e276552a0395f7beb4dbf9b14ec8fd43b57f126c",
                "sha256:16249ee61e95f858e83976573de0f5b2893b3677ba71c9dd36b9cf8be9ac6d65",
                "sha256:1d37d57ad971609cf3c53ba6a7e365e40660e3be0e5175fa9f2365a379d6095a",
                "sha256:1ebe39cb5fc479422b83de611d14e2c0d3bb2a18bbcb01f229ab3cfbd8fee7a0",
                "sha256:214ed4befebe12df36bcc8bc2b64b396ca31be9304b8f59e25c11cf94a4c033b",
                "sha256:2283a07e2c21a2aa78d9c4442724ec1eb15f5e42a723b99cb3d822d48f5f7ad1",
                "sha256:22ba7cfcad58ef3ecddc7ed1db3409af68d023b7f940da23c6c2a1890976eda6",
                "sha256:27c0abcb4a5dac13684a37f76e701e054692a9b2d3064b70f5e4eb54810553d7",
                "sha256:28c8d926f98f432f88adc23edf2e6d4921ac26fb084b028c733d01868d19007e",
                "sha256:2e71d11abed7344e42a8849600193d15b6def118602c4c176f748e4583246007",
                "sha256:34d5fcd24b8445fadc33f9cf348c1047101756fd760b4dacb5c3e99755703310",
                "sha256:37503bfbfc9d2c40b344d06b2199cf0e96e97957ab1c1b546fd4f87e53e5d3e4",
                "sha256:3c5677e12444c15717b902a5798264fa7909e41153cdf9ef7ad571b704a63dd9",
                "sha256:3ff07ec89bae51176c0549bc4c63aa6202991da2d9a6129d7aef7f1407d3f295",
                "sha256:41715c910c881bc081f1e8872880d3c650acf13dfa8214bad49ed4cede7c34ea",
                "sha256:418cf3f2111bc80e0933b2cd8cd04f286338bb88bdc7bc8e6dd775ebde60b5e0",
                "sha256:44edc647873928551a01e7a563d7452ccdebee747728c1080d881d68af7b997e",
                "sha256:4a2e8cebe2ff6ab7d1050ecd59c25d4c8bd7e6f400f5f82b96557ac0abafd0ac",
                "sha256:4ad1906908f2f5ae4e5a8ddfce73c320c2a1429ec52eafd27138b7f1cbe341c9",
                "sha256:501a031947e3a9025ed4405a168e6ef5ae3126c59f90ce0cd6f2bfc477be31b7",
                "sha256:5190d403f121660ce8d1d2c1bb2ef1bd05b5f68533fc5c2ea899bd15f4399b35",
                "sha256:5498cd1645aa724a7c71c8f378eb29ebe23da2fc0d7a08071d89469bf1d2defb",
                "sha256:5cf4e27da7e3fbed4d6c3d8e797387aaad68102272f8f9752883bc32d61cb87b",
                "sha256:5e0b74767e5f8c593e8c9b5912019159ed0533c70051e9cce3e8b6aa699fcd69",
                "sha256:5ed875a24292240029e4483f9d4a4b8a1ae08843b9c54f43fcc11e404532a8a5",
                "sha256:5fcd34e47f6e0b794d17de1b4ff496c00986e1c83f7ab2fb8fcfe9616ff7477b",
                "sha256:5fdec68f91a0c6739b380c83b951e2c72ac0197ace422360e6d5a959d8d97b2c",
                "sha256:6344df0d5755a2c9a276d4473ae6b90647e216ab4757f8426893b5dd2ac3f369",
                "sha256:64386e5e707d03a7e172c0701abfb7e10f0fb753ee1d773128192742712a98fd",
                "sha256:652cb6edd41e718550aad172851962662ff2681490a8a711af6a4d288dd96824",
                "sha256:66291b10affd76d76f54fad28e22e51719ef9ba22b29e1d7d03d6777a9174198",
                "sha256:66e1674c3ef6f541c35191caae2d429b967b99e02040f5ba928632d9a7f0f065",
                "sha256:6adc77889b628398debc7b65c073bcb99c4a0237b248cacaf3fe8a557563ef6c",
                "sha256:79005a0d97d5ddabfeeea4cf676af11e647e41d81c9a7722a193022accdb6b7c",
                "sha256:7c6610def4f163542a622a73fb39f534f8c101d690126992300bf3207eab9764",
                "sha256:7f047e29dcae44602496db43be01ad42fc6f1cc0d8cd6c83d342306c32270196",
                "sha256:8098f252adfa6c80ab48096053f512f2321f0b998f98150cea9bd23d83e1467b",
                "sha256:850774a7879607d3a6f50d36d04f00ee69e7fc816450e5f7e58d7f17f1ae5c00",
                "sha256:8d1fab6bb153a416f9aeb4b8763bc0f22a5586065f86f7664fc23339fc1c1fac",
                "sha256:8da9669d359f02c0b91ccc01cac4a67f16afec0dac22c2ad09f46bee0697eba8",
                "sha256:8dc52c23056b9ddd46818a57b78404882310fb473d63f17b07d5c40421e47f8e",
                "sha256:9149cad251584d5fb4981be1ecde53a1ca46c891a79788c0df828d2f166bda28",
                "sha256:93dda82c9c22deb0a405ea4dc5f2d0cda384168e466364dec6255b293923b2f3",
                "sha256:96b533f0e99f6579b3d4d4995707cf36df9100d67e0c8303a0c55b27b5f99bc5",
                "sha256:9c57bb8c96f6d1808c030b1687b9b5fb476abaa47f0db9c0101f5e9f394e97f4",
                "sha256:9c7708761fccb9397fe64bbc0395abcae8c4bf7b0eac081e12b809bf47700d0b",
                "sha256:9f3bfb4965eb874431221a3ff3fdcddc7e74e3b07799e0e84ca4a0f867d449bf",
                "sha256:a33284e20b78bd4a18c8c2282d549d10bc8408a2a7ff57653c0cf0b9be0afce5",
                "sha256:a80cb027f6b349846a3bf6d73b5e95e782175e52f22108cfa17876aaeff93702",
                "sha256:b30236e45cf30d2b8e7b3e85881719e98507abed1011bf463a8fa23e9c3e98a8",
                "sha256:b3bc83488de33889877a0f2543ade9f70c67d66d9ebb4ac959502e12de895788",
                "sha256:b865addae83924361678b652338317d1bd7e79b1f4596f96b96c77a5a34b34da",
                "sha256:b8bb0864c5a28024fac8a632c443c87c5aa6f215c0b126c449ae1a150412f31d",
                "sha256:ba1cc08a7ccde2d2ec775841541641e4548226580ab850948cbfda66a1befcdc",
                "sha256:bdb2c67c6c1390b63c6ff89f210c8fd09d9a1217a465701eac7316313c915e4c",
                "sha256:c1ff362665ae507275af2853520967820d9124984e0f7466736aea23d8611fba",
                "sha256:c2514fceb77bc5e7a2f7adfaa1feb2fb311607c9cb518dbc378688ec73d8292f",
                "sha256:c3355370a2c156cffb25e876646f149d5d68f5e0a3ce86a5084dd0b64a994917",
                "sha256:c458b6d084f9b935061bc36216e8a69a7e293a2f1e68bf956dcd9e6cbcd143f5",
                "sha256:d0eae10f8159e8fdad514efdc92d74fd8d682c933a6dd088030f3834bc8e6b26",
                "sha256:d76623373421df22fb4cf8817020cbb7ef15c725b9d5e45f17e189bfc384190f",
                "sha256:ebc55a14a21cb14062aa4162f906cd962b28e2e9ea38f9b4391244cd8de4ae0b",
                "sha256:eda16858a3cab07b80edaf74336ece1f986ba330fdb8ee0d6c0d68fe82bc96be",
                "sha256:ee2922902c45ae8ccada2c5b501ab86c36525b883eff4255313a253a3160861c",
                "sha256:efd7b85f94a6f21e4932043973a7ba2613b059c4a000551892ac9f1d11f5baf3",
                "sha256:f7057c9a337546edc7973c0d3ba84ddcdf0daa14533c2065749c9075001090e6",
                "sha256:fa160448684b4e94d80416c0fa4aac48967a969efe22931448d853ada8baf926",
                "sha256:fc09d0aa354569bc501d4e787133afc08552722d3ab34836a80547331bb5d4a0"
            ],
            "markers": "python_version >= '3.8'",
            "version": "==6.0.3"
        },
        "referencing": {
            "hashes": [
                "sha256:381329a9f99628c9069361716891d34ad94af76e461dcb0335825aecc7692231",
                "sha256:44aefc3142c5b842538163acb373e24cce6632bd54bdb01b21ad5863489f50d8"
            ],
            "markers": "python_version >= '3.10'",
            "version": "==0.37.0"
        },
        "rpds-py": {
            "hashes": [
                "sha256:00e56b12d2199ca96068057e1ae7f9998ab6e99cda82431afafd32f3ec98cca9",
                "sha256:0248b19405422573621172ab8e3a1f29141362d13d9f72bafa2e28ea0cdca5a2",
                "sha256:05a2bd42768ea988294ca328206efbcc66e220d2d9b7836ee5712c07ad6340ea",
                "sha256:070befbb868f257d24c3bb350dbd6e2f645e83731f31264b19d7231dd5c396c7",
                "sha256:0a8896986efaa243ab713c69e6491a4138410f0fe36f2f4c71e18bd5501e8014",
                "sha256:0ea962671af5cb9a260489e311fa22b2e97103e3f9f0caaea6f81390af96a9ed",
                "sha256:115f48170fd4296a33938d8c11f697f5f26e0472e43d28f35624764173a60e4d",
                "sha256:12597d11d97b8f7e376c88929a6e17acb980e234547c92992f9f7c058f1a7310",
                "sha256:1585648d0760b88292eecab5181f5651111a69d90eff35d6b78aa32998886a61",
                "sha256:16e9da2bda9eb17ea318b4c335ec9ac1818e88922cbe03a5743ea0da9ecf74fb",
                "sha256:1a409b0310a566bfd1be82119891fefbdce615ccc8aa558aff7835c27988cbef",
                "sha256:1c3c3e8101bb06e337c88eb0c0ede3187131f19d97d43ea0e1c5407ea74c0cbf",
                "sha256:1d24564a700ef41480a984c5ebed62b74e6ce5860429b98b1fede76049e953e6",
                "sha256:1de2345af363d25696969befc0c1688a6cb5e8b1d32b515ef84fc245c6cddba3",
                "sha256:1ea59b23ea931d494459c8338056fe7d93458c0bf3ecc061cd03916505369d55",
                "sha256:2023473f444752f0f82a58dfcbee040d0a1b3d1b3c2ec40e884bd25db6d117d2",
                "sha256:20c51ae86a0bb9accc9ad4e6cdeec58d5ebb7f1b09dd4466331fc65e1766aae7",
                "sha256:24a16cb7163933906c62c272de20ea3c228e4542c8c45c1d7dc2b9913e17369a",
                "sha256:24a7231493e3c4a4b30138b50cca089a598e52c34cf60b2f35cebf62f274fdea",
                "sha256:2549d833abdf8275c901313b9e8ff8fba57e50f6a495035a2a4e30621a2f7cc4",
                "sha256:28de03cf48b8a9e6ec10318f2197b83946ed91e2891f651a109611be4106ac4b",
                "sha256:28fd300326dd21198f311534bdb6d7e989dd09b3418b3a91d54a0f384c700967",
                "sha256:295ce5ac7f0cf69a651ea75c8f76d02a31f98e5698e82a50a5f4d4982fbbae3b",
                "sha256:2a21deb8e0d1571508c6491ce5ea5e25669b1dd4adf1c9d64b6314842f708b5d",
                "sha256:2aba991e041d031c7939e1358f583ae405a7bf04804ca806b97a5c0e0af1ea5e",
                "sha256:2b8e54d6e61f3ecd3abe032065ce83ea63417a24f437e4a3d73d2f85ce7b7cfe",
                "sha256:2d6fb2ad1c36f91c4646989811e84b1ea5e0c3cf9690b826b6e32b7965853a63",
                "sha256:33ca7bdfedd83339ca55da3a5e1527ee5870d4b8369456b5777b197756f3ca22",
                "sha256:37d94eadf764d16b9a04307f2ab1d7af6dc28774bbe0535c9323101e14877b4c",
                "sha256:3897924d3f9a0361472d884051f9a2460358f9a45b1d85a39a158d2f8f1ad71c",
                "sha256:3919a3bbecee589300ed25000b6944174e07cd20db70552159207b3f4bbb45b8",
                "sha256:394d27e4453d3b4d82bb85665dc1fcf4b0badc30fc84282defed71643b50e1a1",
                "sha256:3fbd4e9aebf110473a420dea85a238b254cf8a15acb04b22a5a6b5ce8925b760",
                "sha256:3fd2164d73812026ce970d44c3ebd51e019d2a26a4425a5dcbdfa93a34abc383",
                "sha256:40f65470919dc189c833e86b2c4bd21bd355f98436a2cef9e0a9a92aebc8e57e",
                "sha256:4448dad428f28a6a767c3e3b80cde3446a22a0efbddaa2360f4bb4dc836d0688",
                "sha256:44a91e0ab77bdc0004b43261a4b8cd6d6b451e8d443754cfda830002b5745b32",
                "sha256:453783477aa4f2d9104c4b59b08c871431647cb7af51b549bbf2d9eb9c827756",
                "sha256:4a097b7f7f7274164566ae90a221fd725363c0e9d243e2e9ed43d195ccc5495c",
                "sha256:4aa195e5804d32c682e453b34474f411ca108e4291c6a0f824ebdc30a91c973c",
                "sha256:4ae4b88c6617e1b9e5038ab3fccd7bac0842fdda2b703117b2aa99bc85379113",
                "sha256:521807963971a23996ddaf764c682b3e46459b3c58ccd79fefbe16718db43154",
                "sha256:534dc9df211387547267ccdb42253aa30527482acb38dd9b21c5c115d66a96d2",
                "sha256:539eb77eb043afcc45314d1be09ea6d6cafb3addc73e0547c171c6d636957f60",
                "sha256:55d827b2ae95425d3be9bc9a5838b6c29d664924f98146557f7715e331d06df8",
                "sha256:56838e1cd9174dc23c5691ee29f1d1be9eab357f27efef6bded1328b23e1ced2",
                "sha256:5a572911cd053137bbff8e3a52d31c5d2dba51d3a67ad902629c70185f3f2181",
                "sha256:5c9546cfdd5d45e562cc0444b6dddc191e625c62e866bf567a2c69487c7ad28a",
                "sha256:5cc58aac218826d054c7da7f95821eba94125d88be673ff44267bb89d12a5866",
                "sha256:6410e66f02803600edb0b1889541f4b5cc298a5ccda0ad789cc50ef23b54813e",
                "sha256:66786c3fb1d8de416a7fa8e1cb1ec6ba0a745b2b0eee42f9b7daa26f1a495545",
                "sha256:6e97846e9800a5d0fe7be4d008f0c93d0feeb2700da7b1f7528dabafb31dfadb",
                "sha256:7033c1010b1f57bb44d8067e8c25aa6fa2e944dbf46ccc8c92b25043839c3fd2",
                "sha256:715b67eac317bf1c7657508170a3e011a1ea6ccb1c9d5f296e20ba14196be6b3",
                "sha256:72fdfd5ff8992e4636621826371e3ac5f3e3b8323e9d0e48378e9c13c3dac9d0",
                "sha256:76054d540061eda273274f3d13a21a4abdde90e13eaefdc205db37c05230efce",
                "sha256:76fe96632d53f3bf0ea31ede2f53bbe3540cc2736d4aec3b3801b0458499ef3a",
                "sha256:7971bdb7bf4ee0f7e6f67fa4c7fbc6019d9850cc977d126904392d363f6f8318",
                "sha256:799156ef1f3529ed82c36eb012b5d7a4cf4b6ef556dd7cc192148991d07206ae",
                "sha256:7cdc0490374e31cedefefaa1520d5fe38e82fde8748cbc926e7284574c714d6b",
                "sha256:7d9128ec9d8cecda6f044001fde4fb71ea7c24325336612ef8179091eb9596b9",
                "sha256:7f437026dbbc3f08c99cc41a5b2570c6e1a1ddbe48ab19a9b814254128d4ea7a",
                "sha256:80fdf53d36e6c72819993e35d1ebeeb8e8fc688d0c6c2b391b55e335b3afba5a",
                "sha256:8238d1d310283e87376c12f658b61e1ee23a14c0e54c7c0ce953efdbdc72deed",
                "sha256:89ca2e673ddd5bde9b386da9a0aac0cab0e76f40c8f0aaf0d6311b6bbf2aa311",
                "sha256:8ae33ad9ce580c7a47452c3b3f7d8a9095ef6208e0a0c7e4e2384f9fc5bf8212",
                "sha256:8c5a8ecaa44ce2d8d9d20a68a2483a74c07f05d72e94a4dff88906c8807e77b0",
                "sha256:8e5bb73ffc029820f4348e9b66b3027493ae00bca6629129cd433fd7a76308ee",
                "sha256:90f30d15f45048448b8da21c41703b31c61119c06c216a1bf8c245812a0f0c17",
                "sha256:923248a56dd8d158389a28934f6f69ebf89f218ef96a6b216a9be6861804d3f4",
                "sha256:9459a33f077130dbb2c7c3cea72ee9932271fb3126404ba2a2661e4fe9eb7b79",
                "sha256:97c817863ffc397f1e6a6e9d2d89fe5408c0a9922dac0329672fb0f35c867ea5",
                "sha256:9b9c764a11fd637e0322a488560533112837f5334ffeb48b1be20f6d98a7b437",
                "sha256:9ba8028597e824854f0f1733d8b964e914ae3003b22a10c2c664cb6927e0feb9",
                "sha256:9efe71687d6427737a0a2de9ca1c0a216510e6cd08925c44162be23ed7bed2d5",
                "sha256:9f84c549746a5be3bc7415830747a3a0312573afc9f95785eb35228bb17742ec",
                "sha256:a0891cfd8db43e085c0ab93ab7e9b0c8fee84780d436d3b266b113e51e79f954",
                "sha256:a110e14508fd26fd2e472bb541f37c209409876ba601cf57e739e87d8a53cf95",
                "sha256:a5d9da3ff5af1ca1249b1adb8ef0573b94c76e6ae880ba1852f033bf429d4588",
                "sha256:a738f2da2f565989401bd6fd0b15990a4d1523c6d7fe83f300b7e7d17212feca",
                "sha256:acd82a9e39082dc5f4492d15a6b6c8599aa21db5c35aaf7d6889aea16502c07d",
                "sha256:ad7bd570be92695d89285a4b373006930715b78d96449f686af422debb4d3949",
                "sha256:b016eddf00dca7944721bf0cd85b6af7f6c4efaf83ee0b37c4133bd39757a8c7",
                "sha256:b1581fcde18fcdf42ea2403a16a6b646f8eb1e58d7f90a0ce693da441f76942e",
                "sha256:b58f5c77f1af888b5fd1876c9a0d9858f6f88a39c9dd7c073a88e57e577da66d",
                "sha256:b5f6134faf54b3cb83375db0f113506f8b7770785be1f95a631e7e2892101977",
                "sha256:b9cf2359a4fca87cfb6801fae83a76aedf66ee1254a7a151f1341632acf67f1b",
                "sha256:ba5e1aeaf8dd6d8f6caba1f5539cddda87d511331714b7b5fc908b6cfc3636b7",
                "sha256:bb78b3a0d31ac1bde132c67015a809948db751cb4e92cdb3f0b242e430b6ed0d",
                "sha256:bdb67151ea81fcf02d8f494703fb728d4d34d24556cbff5f417d74f6f5792e7c",
                "sha256:c07d107b7316088f1ac0177a7661ca0c6670d443f6fe72e836069025e6266761",
                "sha256:c4695dd224212f6105db7ea62197144230b808d6b2bba52238906a2762f1d1e7",
                "sha256:c5523b0009e7c3c1263471b69d8da1c7d41b3ecb4cb62ef72be206b92040a950",
                "sha256:c661132ab2fb4eeede2ef69670fd60da5235209874d001a98f1542f31f2a8a94",
                "sha256:d37812c3da8e06f2bb35b3cf10e4a7b68e776a706c13058997238762b4e07f4f",
                "sha256:d456e64724a075441e4ed648d7f154dc62e9aabff29bcdf723d0c00e9e1d352f",
                "sha256:d472cf73efe5726a067dce63eebe8215b14beabea7c12606fd9994267b3cfe2b",
                "sha256:d583d4403bcbf10cffc3ab5cee23d7643fcc960dff85973fd3c2d6c86e8dbb0c",
                "sha256:de73e40ebc04dd5d9556f50180395322193a78ec247e637e741c1b954810f295",
                "sha256:def48ff59f181130f1a2cb7c517d16328efac3ec03951cca40c1dc2049747e83",
                "sha256:e6596b93c010d386ae46c9fba9bfc9fc5965fa8228edeac51576299182c2e31c",
                "sha256:e71136fd0612556b35c575dc2726ae04a1669e6a6c378f2240312cf5d1a2ab10",
                "sha256:e7fa2ccc312bbd91e43aa5e0869e46bc03278a3dddb8d58833150a18b0f0283a",
                "sha256:ea7173df5d86f625f8dde6d5929629ad811ed8decda3b60ae603903839ac9ac0",
                "sha256:f3b1b87a237cb2dba4db18bcfaaa44ba4cd5936b91121b62292ff21df577fc43",
                "sha256:f475f103488312e9bd4000bc890a95955a07b2d0b6e8884aef4be56132adbbf1",
                "sha256:f49196aec7c4b406495f60e6f947ad71f317a765f956d74bbd83996b9edc0352",
                "sha256:f49d41559cebd608042fdcf54ba597a4a7555b49ad5c1c0c03e0af82692661cd",
                "sha256:f7728653900035fb7b8d06e1e5900545d8088efc9d5d4545782da7df03ec803f",
                "sha256:f9f436aee28d13b9ad2c764fc273e0457e37c2e61529a07b928346b219fcde3b",
                "sha256:fc31a07ed352e5462d3ee1b22e89285f4ce97d5266f6d1169da1142e78045626",
                "sha256:fc935f6b20b0c9f919a8ff024739174522abd331978f750a74bb68abd117bd19",
                "sha256:fcae1770b401167f8b9e1e3f566562e6966ffa9ce63639916248a9e25fa8a244",
                "sha256:fd7951c964069039acc9d67a8ff1f0a7f34845ae180ca542b17dc1456b1f1808",
                "sha256:fe55fe686908f50154d1dc599232016e50c243b438c3b7432f24e2895b0e5359"
            ],
            "markers": "python_version >= '3.10'",
            "version": "==0.29.0"
        },
        "sqlparse": {
            "hashes": [
                "sha256:09f67787f56a0b16ecdbde1bfc7f5d9c3371ca683cfeaa8e6ff60b4807ec9272",
                "sha256:cf2196ed3418f3ba5de6af7e82c694a9fbdbfecccdfc72e281548517081f16ca"
            ],
            "markers": "python_version >= '3.8'",
            "version": "==0.5.3"
        },
        "uritemplate": {
            "hashes": [
                "sha256:480c2ed180878955863323eea31b0ede668795de182617fef9c6ca09e6ec9d0e",
                "sha256:962201ba1c4edcab02e60f9a0d3821e82dfc5d2d6662a21abd533879bdb8a686"
            ],
            "markers": "python_version >= '3.9'",
            "version": "==4.2.0"
        }
    },
    "develop": {}
}
